
Microsoft Visual Studio Solution File, Format Version 12.00
# Visual Studio 15
VisualStudioVersion = 15.0.27428.2027
MinimumVisualStudioVersion = 10.0.40219.1
Project("{2150E333-8FDC-42A3-9474-1A3956D46DE8}") = "src", "src", "{CAC802E8-17AD-43C2-86B0-BD7EED682B1B}"
EndProject
Project("{2150E333-8FDC-42A3-9474-1A3956D46DE8}") = "test", "test", "{20C66A0C-05D3-4987-9211-3566195F99DA}"
EndProject
Project("{9A19103F-16F7-4668-BE54-9A1E7A4F7556}") = "Cbc.Identity", "src\Cbc.Identity\Cbc.Identity.csproj", "{81B286B7-0565-4321-BDB2-4C90F7D78B57}"
EndProject
Global
	GlobalSection(SolutionConfigurationPlatforms) = preSolution
		Debug|Any CPU = Debug|Any CPU
		Release|Any CPU = Release|Any CPU
	EndGlobalSection
	GlobalSection(ProjectConfigurationPlatforms) = postSolution
		{81B286B7-0565-4321-BDB2-4C90F7D78B57}.Debug|Any CPU.ActiveCfg = Debug|Any CPU
		{81B286B7-0565-4321-BDB2-4C90F7D78B57}.Debug|Any CPU.Build.0 = Debug|Any CPU
		{81B286B7-0565-4321-BDB2-4C90F7D78B57}.Release|Any CPU.ActiveCfg = Release|Any CPU
		{81B286B7-0565-4321-BDB2-4C90F7D78B57}.Release|Any CPU.Build.0 = Release|Any CPU
	EndGlobalSection
	GlobalSection(SolutionProperties) = preSolution
		HideSolutionNode = FALSE
	EndGlobalSection
	GlobalSection(NestedProjects) = preSolution
		{81B286B7-0565-4321-BDB2-4C90F7D78B57} = {CAC802E8-17AD-43C2-86B0-BD7EED682B1B}
	EndGlobalSection
	GlobalSection(ExtensibilityGlobals) = postSolution
		SolutionGuid = {68FC7DBA-9DEF-4E1B-8016-7184AEAA8A03}
	EndGlobalSection
EndGlobal
